
Microsoft Visual Studio Solution File, Format Version 12.00
# Visual Studio Version 17
VisualStudioVersion = 17.5.001.0
MinimumVisualStudioVersion = 10.0.40219.1
Project("{2150E333-8FDC-42A3-9474-1A3956D46DE8}") = "Lesson_6", "Lesson_6", "{8706B92E-C0E5-422C-92F6-3C0E6594DDA0}"
EndProject
Project("{9A19103F-16F7-4668-BE54-9A1E7A4F7556}") = "demo", "Lesson_6\demo\demo.csproj", "{71E630B8-3FD9-4800-8D27-03A30CCFF3FE}"
EndProject
Project("{9A19103F-16F7-4668-BE54-9A1E7A4F7556}") = "Zadanie1", "Lesson_6\Zadanie1\Zadanie1.csproj", "{E14857C0-A7B7-4789-868A-F7188A5C1AE9}"
EndProject
Project("{2150E333-8FDC-42A3-9474-1A3956D46DE8}") = "Lesson_5", "Lesson_5", "{EEE8DE45-938D-4E3B-A0B7-838AD7A831FE}"
EndProject
Project("{2150E333-8FDC-42A3-9474-1A3956D46DE8}") = "HomeWork5", "HomeWork5", "{EE719D3C-81D1-4670-A7CD-8601EB035E94}"
EndProject
Project("{9A19103F-16F7-4668-BE54-9A1E7A4F7556}") = "Zadanie1", "Lesson_5\HomeWork5\Zadanie1\Zadanie1.csproj", "{ABB9177F-E113-4157-A53E-E980F17029EE}"
EndProject
Project("{9A19103F-16F7-4668-BE54-9A1E7A4F7556}") = "Zadanie2", "Lesson_5\HomeWork5\Zadanie2\Zadanie2.csproj", "{7059B3A4-5261-434F-BAEA-90F3B0510F10}"
EndProject
Project("{9A19103F-16F7-4668-BE54-9A1E7A4F7556}") = "Zadanie3", "Lesson_5\HomeWork5\Zadanie3\Zadanie3.csproj", "{0BCB6E05-2AE4-460E-9D7D-41CC7A078F37}"
EndProject
Project("{2150E333-8FDC-42A3-9474-1A3956D46DE8}") = "RazborDZ", "RazborDZ", "{18CE246D-CA65-4FC1-B8B5-6FFC193DEAC6}"
EndProject
Project("{9A19103F-16F7-4668-BE54-9A1E7A4F7556}") = "Zadanie1", "Lesson_5\RazborDZ\Zadanie1\Zadanie1.csproj", "{D50D7977-ED39-4EFC-A84B-E88F16072A2D}"
EndProject
Project("{9A19103F-16F7-4668-BE54-9A1E7A4F7556}") = "Zadanie2", "Lesson_5\RazborDZ\Zadanie2\Zadanie2.csproj", "{89E976E7-50EB-45F5-936C-419741080236}"
EndProject
Project("{9A19103F-16F7-4668-BE54-9A1E7A4F7556}") = "Zadanie3", "Lesson_5\RazborDZ\Zadanie3\Zadanie3.csproj", "{B9C8105D-9605-4EC0-8AA1-588D4A66F808}"
EndProject
Project("{2150E333-8FDC-42A3-9474-1A3956D46DE8}") = "Urok", "Urok", "{204120E5-F1A4-46E3-A228-87A046E6D925}"
EndProject
Project("{9A19103F-16F7-4668-BE54-9A1E7A4F7556}") = "demo", "Lesson_5\Urok\demo\demo.csproj", "{EAEFFAAA-18C6-4B6A-A138-33FD40DEEEAF}"
EndProject
Project("{9A19103F-16F7-4668-BE54-9A1E7A4F7556}") = "z1", "Lesson_5\Urok\z1\z1.csproj", "{E99B3F89-B470-4383-BAEE-B15EC216A967}"
EndProject
Project("{9A19103F-16F7-4668-BE54-9A1E7A4F7556}") = "z2", "Lesson_5\Urok\z2\z2.csproj", "{9C05FED2-CA7F-432A-934F-BA27D01A55DA}"
EndProject
Project("{9A19103F-16F7-4668-BE54-9A1E7A4F7556}") = "z3", "Lesson_5\Urok\z3\z3.csproj", "{6D6703D0-603E-443A-8CE7-9DE2291146CB}"
EndProject
Project("{9A19103F-16F7-4668-BE54-9A1E7A4F7556}") = "z4", "Lesson_5\Urok\z4\z4.csproj", "{92218067-4D96-4E09-97D3-369D91D08E84}"
EndProject
Global
	GlobalSection(SolutionConfigurationPlatforms) = preSolution
		Debug|Any CPU = Debug|Any CPU
		Release|Any CPU = Release|Any CPU
	EndGlobalSection
	GlobalSection(ProjectConfigurationPlatforms) = postSolution
		{71E630B8-3FD9-4800-8D27-03A30CCFF3FE}.Debug|Any CPU.ActiveCfg = Debug|Any CPU
		{71E630B8-3FD9-4800-8D27-03A30CCFF3FE}.Debug|Any CPU.Build.0 = Debug|Any CPU
		{71E630B8-3FD9-4800-8D27-03A30CCFF3FE}.Release|Any CPU.ActiveCfg = Release|Any CPU
		{71E630B8-3FD9-4800-8D27-03A30CCFF3FE}.Release|Any CPU.Build.0 = Release|Any CPU
		{E14857C0-A7B7-4789-868A-F7188A5C1AE9}.Debug|Any CPU.ActiveCfg = Debug|Any CPU
		{E14857C0-A7B7-4789-868A-F7188A5C1AE9}.Debug|Any CPU.Build.0 = Debug|Any CPU
		{E14857C0-A7B7-4789-868A-F7188A5C1AE9}.Release|Any CPU.ActiveCfg = Release|Any CPU
		{E14857C0-A7B7-4789-868A-F7188A5C1AE9}.Release|Any CPU.Build.0 = Release|Any CPU
		{ABB9177F-E113-4157-A53E-E980F17029EE}.Debug|Any CPU.ActiveCfg = Debug|Any CPU
		{ABB9177F-E113-4157-A53E-E980F17029EE}.Debug|Any CPU.Build.0 = Debug|Any CPU
		{ABB9177F-E113-4157-A53E-E980F17029EE}.Release|Any CPU.ActiveCfg = Release|Any CPU
		{ABB9177F-E113-4157-A53E-E980F17029EE}.Release|Any CPU.Build.0 = Release|Any CPU
		{7059B3A4-5261-434F-BAEA-90F3B0510F10}.Debug|Any CPU.ActiveCfg = Debug|Any CPU
		{7059B3A4-5261-434F-BAEA-90F3B0510F10}.Debug|Any CPU.Build.0 = Debug|Any CPU
		{7059B3A4-5261-434F-BAEA-90F3B0510F10}.Release|Any CPU.ActiveCfg = Release|Any CPU
		{7059B3A4-5261-434F-BAEA-90F3B0510F10}.Release|Any CPU.Build.0 = Release|Any CPU
		{0BCB6E05-2AE4-460E-9D7D-41CC7A078F37}.Debug|Any CPU.ActiveCfg = Debug|Any CPU
		{0BCB6E05-2AE4-460E-9D7D-41CC7A078F37}.Debug|Any CPU.Build.0 = Debug|Any CPU
		{0BCB6E05-2AE4-460E-9D7D-41CC7A078F37}.Release|Any CPU.ActiveCfg = Release|Any CPU
		{0BCB6E05-2AE4-460E-9D7D-41CC7A078F37}.Release|Any CPU.Build.0 = Release|Any CPU
		{D50D7977-ED39-4EFC-A84B-E88F16072A2D}.Debug|Any CPU.ActiveCfg = Debug|Any CPU
		{D50D7977-ED39-4EFC-A84B-E88F16072A2D}.Debug|Any CPU.Build.0 = Debug|Any CPU
		{D50D7977-ED39-4EFC-A84B-E88F16072A2D}.Release|Any CPU.ActiveCfg = Release|Any CPU
		{D50D7977-ED39-4EFC-A84B-E88F16072A2D}.Release|Any CPU.Build.0 = Release|Any CPU
		{89E976E7-50EB-45F5-936C-419741080236}.Debug|Any CPU.ActiveCfg = Debug|Any CPU
		{89E976E7-50EB-45F5-936C-419741080236}.Debug|Any CPU.Build.0 = Debug|Any CPU
		{89E976E7-50EB-45F5-936C-419741080236}.Release|Any CPU.ActiveCfg = Release|Any CPU
		{89E976E7-50EB-45F5-936C-419741080236}.Release|Any CPU.Build.0 = Release|Any CPU
		{B9C8105D-9605-4EC0-8AA1-588D4A66F808}.Debug|Any CPU.ActiveCfg = Debug|Any CPU
		{B9C8105D-9605-4EC0-8AA1-588D4A66F808}.Debug|Any CPU.Build.0 = Debug|Any CPU
		{B9C8105D-9605-4EC0-8AA1-588D4A66F808}.Release|Any CPU.ActiveCfg = Release|Any CPU
		{B9C8105D-9605-4EC0-8AA1-588D4A66F808}.Release|Any CPU.Build.0 = Release|Any CPU
		{EAEFFAAA-18C6-4B6A-A138-33FD40DEEEAF}.Debug|Any CPU.ActiveCfg = Debug|Any CPU
		{EAEFFAAA-18C6-4B6A-A138-33FD40DEEEAF}.Debug|Any CPU.Build.0 = Debug|Any CPU
		{EAEFFAAA-18C6-4B6A-A138-33FD40DEEEAF}.Release|Any CPU.ActiveCfg = Release|Any CPU
		{EAEFFAAA-18C6-4B6A-A138-33FD40DEEEAF}.Release|Any CPU.Build.0 = Release|Any CPU
		{E99B3F89-B470-4383-BAEE-B15EC216A967}.Debug|Any CPU.ActiveCfg = Debug|Any CPU
		{E99B3F89-B470-4383-BAEE-B15EC216A967}.Debug|Any CPU.Build.0 = Debug|Any CPU
		{E99B3F89-B470-4383-BAEE-B15EC216A967}.Release|Any CPU.ActiveCfg = Release|Any CPU
		{E99B3F89-B470-4383-BAEE-B15EC216A967}.Release|Any CPU.Build.0 = Release|Any CPU
		{9C05FED2-CA7F-432A-934F-BA27D01A55DA}.Debug|Any CPU.ActiveCfg = Debug|Any CPU
		{9C05FED2-CA7F-432A-934F-BA27D01A55DA}.Debug|Any CPU.Build.0 = Debug|Any CPU
		{9C05FED2-CA7F-432A-934F-BA27D01A55DA}.Release|Any CPU.ActiveCfg = Release|Any CPU
		{9C05FED2-CA7F-432A-934F-BA27D01A55DA}.Release|Any CPU.Build.0 = Release|Any CPU
		{6D6703D0-603E-443A-8CE7-9DE2291146CB}.Debug|Any CPU.ActiveCfg = Debug|Any CPU
		{6D6703D0-603E-443A-8CE7-9DE2291146CB}.Debug|Any CPU.Build.0 = Debug|Any CPU
		{6D6703D0-603E-443A-8CE7-9DE2291146CB}.Release|Any CPU.ActiveCfg = Release|Any CPU
		{6D6703D0-603E-443A-8CE7-9DE2291146CB}.Release|Any CPU.Build.0 = Release|Any CPU
		{92218067-4D96-4E09-97D3-369D91D08E84}.Debug|Any CPU.ActiveCfg = Debug|Any CPU
		{92218067-4D96-4E09-97D3-369D91D08E84}.Debug|Any CPU.Build.0 = Debug|Any CPU
		{92218067-4D96-4E09-97D3-369D91D08E84}.Release|Any CPU.ActiveCfg = Release|Any CPU
		{92218067-4D96-4E09-97D3-369D91D08E84}.Release|Any CPU.Build.0 = Release|Any CPU
	EndGlobalSection
	GlobalSection(SolutionProperties) = preSolution
		HideSolutionNode = FALSE
	EndGlobalSection
	GlobalSection(NestedProjects) = preSolution
		{71E630B8-3FD9-4800-8D27-03A30CCFF3FE} = {8706B92E-C0E5-422C-92F6-3C0E6594DDA0}
		{E14857C0-A7B7-4789-868A-F7188A5C1AE9} = {8706B92E-C0E5-422C-92F6-3C0E6594DDA0}
		{EE719D3C-81D1-4670-A7CD-8601EB035E94} = {EEE8DE45-938D-4E3B-A0B7-838AD7A831FE}
		{ABB9177F-E113-4157-A53E-E980F17029EE} = {EE719D3C-81D1-4670-A7CD-8601EB035E94}
		{7059B3A4-5261-434F-BAEA-90F3B0510F10} = {EE719D3C-81D1-4670-A7CD-8601EB035E94}
		{0BCB6E05-2AE4-460E-9D7D-41CC7A078F37} = {EE719D3C-81D1-4670-A7CD-8601EB035E94}
		{18CE246D-CA65-4FC1-B8B5-6FFC193DEAC6} = {EEE8DE45-938D-4E3B-A0B7-838AD7A831FE}
		{D50D7977-ED39-4EFC-A84B-E88F16072A2D} = {18CE246D-CA65-4FC1-B8B5-6FFC193DEAC6}
		{89E976E7-50EB-45F5-936C-419741080236} = {18CE246D-CA65-4FC1-B8B5-6FFC193DEAC6}
		{B9C8105D-9605-4EC0-8AA1-588D4A66F808} = {18CE246D-CA65-4FC1-B8B5-6FFC193DEAC6}
		{204120E5-F1A4-46E3-A228-87A046E6D925} = {EEE8DE45-938D-4E3B-A0B7-838AD7A831FE}
		{EAEFFAAA-18C6-4B6A-A138-33FD40DEEEAF} = {204120E5-F1A4-46E3-A228-87A046E6D925}
		{E99B3F89-B470-4383-BAEE-B15EC216A967} = {204120E5-F1A4-46E3-A228-87A046E6D925}
		{9C05FED2-CA7F-432A-934F-BA27D01A55DA} = {204120E5-F1A4-46E3-A228-87A046E6D925}
		{6D6703D0-603E-443A-8CE7-9DE2291146CB} = {204120E5-F1A4-46E3-A228-87A046E6D925}
		{92218067-4D96-4E09-97D3-369D91D08E84} = {204120E5-F1A4-46E3-A228-87A046E6D925}
	EndGlobalSection
	GlobalSection(ExtensibilityGlobals) = postSolution
		SolutionGuid = {40D954A8-CA78-446A-B514-B3CECB89F206}
	EndGlobalSection
EndGlobal
