
Microsoft Visual Studio Solution File, Format Version 12.00
# Visual Studio Version 17
VisualStudioVersion = 17.5.001.0
MinimumVisualStudioVersion = 10.0.40219.1
Project("{2150E333-8FDC-42A3-9474-1A3956D46DE8}") = "Lesson_4", "Lesson_4", "{AB5C5F42-EEA3-4C36-9460-792FE6E2CEBF}"
EndProject
Project("{9A19103F-16F7-4668-BE54-9A1E7A4F7556}") = "Razbor dz3", "Lesson_4\Razbor dz3\Razbor dz3.csproj", "{522C903E-9ADD-43B6-8CF4-0181F169C3F3}"
EndProject
Project("{9A19103F-16F7-4668-BE54-9A1E7A4F7556}") = "Urok_demo", "Lesson_4\Urok_demo\Urok_demo.csproj", "{D28FD98F-FCD6-40AA-A59C-40B8BE7FA6AE}"
EndProject
Project("{9A19103F-16F7-4668-BE54-9A1E7A4F7556}") = "Zadanie_1", "Lesson_4\Zadanie_1\Zadanie_1.csproj", "{8342EC0D-2B93-47ED-A66C-5542A54CD3A0}"
EndProject
Project("{9A19103F-16F7-4668-BE54-9A1E7A4F7556}") = "Zadanie_2", "Lesson_4\Zadanie_2\Zadanie_2.csproj", "{5532D977-5103-4E3F-BE2D-6189274EB129}"
EndProject
Project("{9A19103F-16F7-4668-BE54-9A1E7A4F7556}") = "Zadanie_3", "Lesson_4\Zadanie_3\Zadanie_3.csproj", "{814F5308-1AE3-4D17-AEF3-423E4229CF6C}"
EndProject
Project("{2150E333-8FDC-42A3-9474-1A3956D46DE8}") = "Lesson_3", "Lesson_3", "{6B4FBC8E-E9BE-48A7-AAFD-E188D7D589CE}"
EndProject
Project("{2150E333-8FDC-42A3-9474-1A3956D46DE8}") = "HomeWork3", "HomeWork3", "{A2B0D34E-10AB-415A-AEE5-D597E3484733}"
EndProject
Project("{9A19103F-16F7-4668-BE54-9A1E7A4F7556}") = "Zadanie_1", "Lesson_3\HomeWork3\Zadanie_1\Zadanie_1.csproj", "{0C7B1C8A-01E4-486C-B5D3-0EEF01AD9736}"
EndProject
Project("{9A19103F-16F7-4668-BE54-9A1E7A4F7556}") = "Zadanie_2", "Lesson_3\HomeWork3\Zadanie_2\Zadanie_2.csproj", "{F144D91A-DC07-4DCE-A9C8-CF8744A906AE}"
EndProject
Project("{9A19103F-16F7-4668-BE54-9A1E7A4F7556}") = "Zadanie_3", "Lesson_3\HomeWork3\Zadanie_3\Zadanie_3.csproj", "{073AC347-AFD2-4A79-BA18-AAA04F4B8100}"
EndProject
Project("{2150E333-8FDC-42A3-9474-1A3956D46DE8}") = "HomeWork4", "HomeWork4", "{0B2A91CA-6F32-4B7F-AEE2-65063E4374A5}"
EndProject
Project("{9A19103F-16F7-4668-BE54-9A1E7A4F7556}") = "Zadanie_1", "Lesson_4\HomeWork4\Zadanie_1\Zadanie_1.csproj", "{04DA88A1-4475-4542-91E2-33AEB6016004}"
EndProject
Global
	GlobalSection(SolutionConfigurationPlatforms) = preSolution
		Debug|Any CPU = Debug|Any CPU
		Release|Any CPU = Release|Any CPU
	EndGlobalSection
	GlobalSection(ProjectConfigurationPlatforms) = postSolution
		{522C903E-9ADD-43B6-8CF4-0181F169C3F3}.Debug|Any CPU.ActiveCfg = Debug|Any CPU
		{522C903E-9ADD-43B6-8CF4-0181F169C3F3}.Debug|Any CPU.Build.0 = Debug|Any CPU
		{522C903E-9ADD-43B6-8CF4-0181F169C3F3}.Release|Any CPU.ActiveCfg = Release|Any CPU
		{522C903E-9ADD-43B6-8CF4-0181F169C3F3}.Release|Any CPU.Build.0 = Release|Any CPU
		{D28FD98F-FCD6-40AA-A59C-40B8BE7FA6AE}.Debug|Any CPU.ActiveCfg = Debug|Any CPU
		{D28FD98F-FCD6-40AA-A59C-40B8BE7FA6AE}.Debug|Any CPU.Build.0 = Debug|Any CPU
		{D28FD98F-FCD6-40AA-A59C-40B8BE7FA6AE}.Release|Any CPU.ActiveCfg = Release|Any CPU
		{D28FD98F-FCD6-40AA-A59C-40B8BE7FA6AE}.Release|Any CPU.Build.0 = Release|Any CPU
		{8342EC0D-2B93-47ED-A66C-5542A54CD3A0}.Debug|Any CPU.ActiveCfg = Debug|Any CPU
		{8342EC0D-2B93-47ED-A66C-5542A54CD3A0}.Debug|Any CPU.Build.0 = Debug|Any CPU
		{8342EC0D-2B93-47ED-A66C-5542A54CD3A0}.Release|Any CPU.ActiveCfg = Release|Any CPU
		{8342EC0D-2B93-47ED-A66C-5542A54CD3A0}.Release|Any CPU.Build.0 = Release|Any CPU
		{5532D977-5103-4E3F-BE2D-6189274EB129}.Debug|Any CPU.ActiveCfg = Debug|Any CPU
		{5532D977-5103-4E3F-BE2D-6189274EB129}.Debug|Any CPU.Build.0 = Debug|Any CPU
		{5532D977-5103-4E3F-BE2D-6189274EB129}.Release|Any CPU.ActiveCfg = Release|Any CPU
		{5532D977-5103-4E3F-BE2D-6189274EB129}.Release|Any CPU.Build.0 = Release|Any CPU
		{814F5308-1AE3-4D17-AEF3-423E4229CF6C}.Debug|Any CPU.ActiveCfg = Debug|Any CPU
		{814F5308-1AE3-4D17-AEF3-423E4229CF6C}.Debug|Any CPU.Build.0 = Debug|Any CPU
		{814F5308-1AE3-4D17-AEF3-423E4229CF6C}.Release|Any CPU.ActiveCfg = Release|Any CPU
		{814F5308-1AE3-4D17-AEF3-423E4229CF6C}.Release|Any CPU.Build.0 = Release|Any CPU
		{0C7B1C8A-01E4-486C-B5D3-0EEF01AD9736}.Debug|Any CPU.ActiveCfg = Debug|Any CPU
		{0C7B1C8A-01E4-486C-B5D3-0EEF01AD9736}.Debug|Any CPU.Build.0 = Debug|Any CPU
		{0C7B1C8A-01E4-486C-B5D3-0EEF01AD9736}.Release|Any CPU.ActiveCfg = Release|Any CPU
		{0C7B1C8A-01E4-486C-B5D3-0EEF01AD9736}.Release|Any CPU.Build.0 = Release|Any CPU
		{F144D91A-DC07-4DCE-A9C8-CF8744A906AE}.Debug|Any CPU.ActiveCfg = Debug|Any CPU
		{F144D91A-DC07-4DCE-A9C8-CF8744A906AE}.Debug|Any CPU.Build.0 = Debug|Any CPU
		{F144D91A-DC07-4DCE-A9C8-CF8744A906AE}.Release|Any CPU.ActiveCfg = Release|Any CPU
		{F144D91A-DC07-4DCE-A9C8-CF8744A906AE}.Release|Any CPU.Build.0 = Release|Any CPU
		{073AC347-AFD2-4A79-BA18-AAA04F4B8100}.Debug|Any CPU.ActiveCfg = Debug|Any CPU
		{073AC347-AFD2-4A79-BA18-AAA04F4B8100}.Debug|Any CPU.Build.0 = Debug|Any CPU
		{073AC347-AFD2-4A79-BA18-AAA04F4B8100}.Release|Any CPU.ActiveCfg = Release|Any CPU
		{073AC347-AFD2-4A79-BA18-AAA04F4B8100}.Release|Any CPU.Build.0 = Release|Any CPU
		{04DA88A1-4475-4542-91E2-33AEB6016004}.Debug|Any CPU.ActiveCfg = Debug|Any CPU
		{04DA88A1-4475-4542-91E2-33AEB6016004}.Debug|Any CPU.Build.0 = Debug|Any CPU
		{04DA88A1-4475-4542-91E2-33AEB6016004}.Release|Any CPU.ActiveCfg = Release|Any CPU
		{04DA88A1-4475-4542-91E2-33AEB6016004}.Release|Any CPU.Build.0 = Release|Any CPU
	EndGlobalSection
	GlobalSection(SolutionProperties) = preSolution
		HideSolutionNode = FALSE
	EndGlobalSection
	GlobalSection(NestedProjects) = preSolution
		{522C903E-9ADD-43B6-8CF4-0181F169C3F3} = {AB5C5F42-EEA3-4C36-9460-792FE6E2CEBF}
		{D28FD98F-FCD6-40AA-A59C-40B8BE7FA6AE} = {AB5C5F42-EEA3-4C36-9460-792FE6E2CEBF}
		{8342EC0D-2B93-47ED-A66C-5542A54CD3A0} = {AB5C5F42-EEA3-4C36-9460-792FE6E2CEBF}
		{5532D977-5103-4E3F-BE2D-6189274EB129} = {AB5C5F42-EEA3-4C36-9460-792FE6E2CEBF}
		{814F5308-1AE3-4D17-AEF3-423E4229CF6C} = {AB5C5F42-EEA3-4C36-9460-792FE6E2CEBF}
		{A2B0D34E-10AB-415A-AEE5-D597E3484733} = {6B4FBC8E-E9BE-48A7-AAFD-E188D7D589CE}
		{0C7B1C8A-01E4-486C-B5D3-0EEF01AD9736} = {A2B0D34E-10AB-415A-AEE5-D597E3484733}
		{F144D91A-DC07-4DCE-A9C8-CF8744A906AE} = {A2B0D34E-10AB-415A-AEE5-D597E3484733}
		{073AC347-AFD2-4A79-BA18-AAA04F4B8100} = {A2B0D34E-10AB-415A-AEE5-D597E3484733}
		{0B2A91CA-6F32-4B7F-AEE2-65063E4374A5} = {AB5C5F42-EEA3-4C36-9460-792FE6E2CEBF}
		{04DA88A1-4475-4542-91E2-33AEB6016004} = {0B2A91CA-6F32-4B7F-AEE2-65063E4374A5}
	EndGlobalSection
	GlobalSection(ExtensibilityGlobals) = postSolution
		SolutionGuid = {72C50F5D-EAB0-4688-95F7-BFD8B63F8E49}
	EndGlobalSection
EndGlobal
